
Microsoft Visual Studio Solution File, Format Version 12.00
# Visual Studio 15
VisualStudioVersion = 15.0.26124.0
MinimumVisualStudioVersion = 15.0.26124.0
Project("{FAE04EC0-301F-11D3-BF4B-00C04F79EFBC}") = "Domain", "Domain\Domain.csproj", "{E2FDBEDA-C318-4930-B2D9-7E43545C5E6A}"
EndProject
Project("{FAE04EC0-301F-11D3-BF4B-00C04F79EFBC}") = "Application", "Application\Application.csproj", "{42F4BE5E-683B-4FE5-9C0C-E702F72C754B}"
EndProject
Project("{FAE04EC0-301F-11D3-BF4B-00C04F79EFBC}") = "Persistence", "Persistence\Persistence.csproj", "{A49A2FC0-A2E8-4201-B537-2E8181700000}"
EndProject
Project("{FAE04EC0-301F-11D3-BF4B-00C04F79EFBC}") = "API", "API\API.csproj", "{0D1D2983-0B56-4FD8-A242-C6BFF7B638B8}"
EndProject
Global
	GlobalSection(SolutionConfigurationPlatforms) = preSolution
		Debug|Any CPU = Debug|Any CPU
		Debug|x64 = Debug|x64
		Debug|x86 = Debug|x86
		Release|Any CPU = Release|Any CPU
		Release|x64 = Release|x64
		Release|x86 = Release|x86
	EndGlobalSection
	GlobalSection(SolutionProperties) = preSolution
		HideSolutionNode = FALSE
	EndGlobalSection
	GlobalSection(ProjectConfigurationPlatforms) = postSolution
		{E2FDBEDA-C318-4930-B2D9-7E43545C5E6A}.Debug|Any CPU.ActiveCfg = Debug|Any CPU
		{E2FDBEDA-C318-4930-B2D9-7E43545C5E6A}.Debug|Any CPU.Build.0 = Debug|Any CPU
		{E2FDBEDA-C318-4930-B2D9-7E43545C5E6A}.Debug|x64.ActiveCfg = Debug|Any CPU
		{E2FDBEDA-C318-4930-B2D9-7E43545C5E6A}.Debug|x64.Build.0 = Debug|Any CPU
		{E2FDBEDA-C318-4930-B2D9-7E43545C5E6A}.Debug|x86.ActiveCfg = Debug|Any CPU
		{E2FDBEDA-C318-4930-B2D9-7E43545C5E6A}.Debug|x86.Build.0 = Debug|Any CPU
		{E2FDBEDA-C318-4930-B2D9-7E43545C5E6A}.Release|Any CPU.ActiveCfg = Release|Any CPU
		{E2FDBEDA-C318-4930-B2D9-7E43545C5E6A}.Release|Any CPU.Build.0 = Release|Any CPU
		{E2FDBEDA-C318-4930-B2D9-7E43545C5E6A}.Release|x64.ActiveCfg = Release|Any CPU
		{E2FDBEDA-C318-4930-B2D9-7E43545C5E6A}.Release|x64.Build.0 = Release|Any CPU
		{E2FDBEDA-C318-4930-B2D9-7E43545C5E6A}.Release|x86.ActiveCfg = Release|Any CPU
		{E2FDBEDA-C318-4930-B2D9-7E43545C5E6A}.Release|x86.Build.0 = Release|Any CPU
		{42F4BE5E-683B-4FE5-9C0C-E702F72C754B}.Debug|Any CPU.ActiveCfg = Debug|Any CPU
		{42F4BE5E-683B-4FE5-9C0C-E702F72C754B}.Debug|Any CPU.Build.0 = Debug|Any CPU
		{42F4BE5E-683B-4FE5-9C0C-E702F72C754B}.Debug|x64.ActiveCfg = Debug|Any CPU
		{42F4BE5E-683B-4FE5-9C0C-E702F72C754B}.Debug|x64.Build.0 = Debug|Any CPU
		{42F4BE5E-683B-4FE5-9C0C-E702F72C754B}.Debug|x86.ActiveCfg = Debug|Any CPU
		{42F4BE5E-683B-4FE5-9C0C-E702F72C754B}.Debug|x86.Build.0 = Debug|Any CPU
		{42F4BE5E-683B-4FE5-9C0C-E702F72C754B}.Release|Any CPU.ActiveCfg = Release|Any CPU
		{42F4BE5E-683B-4FE5-9C0C-E702F72C754B}.Release|Any CPU.Build.0 = Release|Any CPU
		{42F4BE5E-683B-4FE5-9C0C-E702F72C754B}.Release|x64.ActiveCfg = Release|Any CPU
		{42F4BE5E-683B-4FE5-9C0C-E702F72C754B}.Release|x64.Build.0 = Release|Any CPU
		{42F4BE5E-683B-4FE5-9C0C-E702F72C754B}.Release|x86.ActiveCfg = Release|Any CPU
		{42F4BE5E-683B-4FE5-9C0C-E702F72C754B}.Release|x86.Build.0 = Release|Any CPU
		{A49A2FC0-A2E8-4201-B537-2E8181700000}.Debug|Any CPU.ActiveCfg = Debug|Any CPU
		{A49A2FC0-A2E8-4201-B537-2E8181700000}.Debug|Any CPU.Build.0 = Debug|Any CPU
		{A49A2FC0-A2E8-4201-B537-2E8181700000}.Debug|x64.ActiveCfg = Debug|Any CPU
		{A49A2FC0-A2E8-4201-B537-2E8181700000}.Debug|x64.Build.0 = Debug|Any CPU
		{A49A2FC0-A2E8-4201-B537-2E8181700000}.Debug|x86.ActiveCfg = Debug|Any CPU
		{A49A2FC0-A2E8-4201-B537-2E8181700000}.Debug|x86.Build.0 = Debug|Any CPU
		{A49A2FC0-A2E8-4201-B537-2E8181700000}.Release|Any CPU.ActiveCfg = Release|Any CPU
		{A49A2FC0-A2E8-4201-B537-2E8181700000}.Release|Any CPU.Build.0 = Release|Any CPU
		{A49A2FC0-A2E8-4201-B537-2E8181700000}.Release|x64.ActiveCfg = Release|Any CPU
		{A49A2FC0-A2E8-4201-B537-2E8181700000}.Release|x64.Build.0 = Release|Any CPU
		{A49A2FC0-A2E8-4201-B537-2E8181700000}.Release|x86.ActiveCfg = Release|Any CPU
		{A49A2FC0-A2E8-4201-B537-2E8181700000}.Release|x86.Build.0 = Release|Any CPU
		{0D1D2983-0B56-4FD8-A242-C6BFF7B638B8}.Debug|Any CPU.ActiveCfg = Debug|Any CPU
		{0D1D2983-0B56-4FD8-A242-C6BFF7B638B8}.Debug|Any CPU.Build.0 = Debug|Any CPU
		{0D1D2983-0B56-4FD8-A242-C6BFF7B638B8}.Debug|x64.ActiveCfg = Debug|Any CPU
		{0D1D2983-0B56-4FD8-A242-C6BFF7B638B8}.Debug|x64.Build.0 = Debug|Any CPU
		{0D1D2983-0B56-4FD8-A242-C6BFF7B638B8}.Debug|x86.ActiveCfg = Debug|Any CPU
		{0D1D2983-0B56-4FD8-A242-C6BFF7B638B8}.Debug|x86.Build.0 = Debug|Any CPU
		{0D1D2983-0B56-4FD8-A242-C6BFF7B638B8}.Release|Any CPU.ActiveCfg = Release|Any CPU
		{0D1D2983-0B56-4FD8-A242-C6BFF7B638B8}.Release|Any CPU.Build.0 = Release|Any CPU
		{0D1D2983-0B56-4FD8-A242-C6BFF7B638B8}.Release|x64.ActiveCfg = Release|Any CPU
		{0D1D2983-0B56-4FD8-A242-C6BFF7B638B8}.Release|x64.Build.0 = Release|Any CPU
		{0D1D2983-0B56-4FD8-A242-C6BFF7B638B8}.Release|x86.ActiveCfg = Release|Any CPU
		{0D1D2983-0B56-4FD8-A242-C6BFF7B638B8}.Release|x86.Build.0 = Release|Any CPU
	EndGlobalSection
EndGlobal
